
Microsoft Visual Studio Solution File, Format Version 12.00
# Visual Studio Version 16
VisualStudioVersion = 16.0.32228.343
MinimumVisualStudioVersion = 10.0.40219.1
Project("{FAE04EC0-301F-11D3-BF4B-00C04F79EFBC}") = "AB_AracIhaleCore.MODEL", "AB_AracIhaleCore.MODEL\AB_AracIhaleCore.MODEL.csproj", "{6F801135-1D75-49DA-BD74-1BA5255021B6}"
EndProject
Project("{FAE04EC0-301F-11D3-BF4B-00C04F79EFBC}") = "AB_AracIhaleCore.DAL", "AB_AracIhaleCore.DAL\AB_AracIhaleCore.DAL.csproj", "{0A41FD9F-2937-44DA-B358-6B29886E1DA2}"
EndProject
Project("{FAE04EC0-301F-11D3-BF4B-00C04F79EFBC}") = "AB_AracIhaleCore.API", "AB_AracIhaleCore.API\AB_AracIhaleCore.API.csproj", "{0C44030C-4773-4452-A0CA-B18D75D4705A}"
EndProject
Project("{FAE04EC0-301F-11D3-BF4B-00C04F79EFBC}") = "AB_AracIhaleCore.UI", "AB_AracIhaleCore.UI\AB_AracIhaleCore.UI.csproj", "{500A5D14-F559-4341-85C0-D558FE927B42}"
EndProject
Project("{FAE04EC0-301F-11D3-BF4B-00C04F79EFBC}") = "AB_AracIhaleCore.CORE", "AB_AracIhaleCore.CORE\AB_AracIhaleCore.CORE.csproj", "{650696AD-C02D-4CA6-BC4F-9F73639B5102}"
EndProject
Global
	GlobalSection(SolutionConfigurationPlatforms) = preSolution
		Debug|Any CPU = Debug|Any CPU
		Release|Any CPU = Release|Any CPU
	EndGlobalSection
	GlobalSection(ProjectConfigurationPlatforms) = postSolution
		{6F801135-1D75-49DA-BD74-1BA5255021B6}.Debug|Any CPU.ActiveCfg = Debug|Any CPU
		{6F801135-1D75-49DA-BD74-1BA5255021B6}.Debug|Any CPU.Build.0 = Debug|Any CPU
		{6F801135-1D75-49DA-BD74-1BA5255021B6}.Release|Any CPU.ActiveCfg = Release|Any CPU
		{6F801135-1D75-49DA-BD74-1BA5255021B6}.Release|Any CPU.Build.0 = Release|Any CPU
		{0A41FD9F-2937-44DA-B358-6B29886E1DA2}.Debug|Any CPU.ActiveCfg = Debug|Any CPU
		{0A41FD9F-2937-44DA-B358-6B29886E1DA2}.Debug|Any CPU.Build.0 = Debug|Any CPU
		{0A41FD9F-2937-44DA-B358-6B29886E1DA2}.Release|Any CPU.ActiveCfg = Release|Any CPU
		{0A41FD9F-2937-44DA-B358-6B29886E1DA2}.Release|Any CPU.Build.0 = Release|Any CPU
		{0C44030C-4773-4452-A0CA-B18D75D4705A}.Debug|Any CPU.ActiveCfg = Debug|Any CPU
		{0C44030C-4773-4452-A0CA-B18D75D4705A}.Debug|Any CPU.Build.0 = Debug|Any CPU
		{0C44030C-4773-4452-A0CA-B18D75D4705A}.Release|Any CPU.ActiveCfg = Release|Any CPU
		{0C44030C-4773-4452-A0CA-B18D75D4705A}.Release|Any CPU.Build.0 = Release|Any CPU
		{500A5D14-F559-4341-85C0-D558FE927B42}.Debug|Any CPU.ActiveCfg = Debug|Any CPU
		{500A5D14-F559-4341-85C0-D558FE927B42}.Debug|Any CPU.Build.0 = Debug|Any CPU
		{500A5D14-F559-4341-85C0-D558FE927B42}.Release|Any CPU.ActiveCfg = Release|Any CPU
		{500A5D14-F559-4341-85C0-D558FE927B42}.Release|Any CPU.Build.0 = Release|Any CPU
		{650696AD-C02D-4CA6-BC4F-9F73639B5102}.Debug|Any CPU.ActiveCfg = Debug|Any CPU
		{650696AD-C02D-4CA6-BC4F-9F73639B5102}.Debug|Any CPU.Build.0 = Debug|Any CPU
		{650696AD-C02D-4CA6-BC4F-9F73639B5102}.Release|Any CPU.ActiveCfg = Release|Any CPU
		{650696AD-C02D-4CA6-BC4F-9F73639B5102}.Release|Any CPU.Build.0 = Release|Any CPU
	EndGlobalSection
	GlobalSection(SolutionProperties) = preSolution
		HideSolutionNode = FALSE
	EndGlobalSection
	GlobalSection(ExtensibilityGlobals) = postSolution
		SolutionGuid = {B8FEDF39-4A95-4418-90CC-63FBDC3C5AE2}
	EndGlobalSection
EndGlobal
